
Microsoft Visual Studio Solution File, Format Version 12.00
# Visual Studio Version 16
VisualStudioVersion = 16.0.30907.101
MinimumVisualStudioVersion = 10.0.40219.1
Project("{8BC9CEB8-8B4A-11D0-8D11-00A0C91BC942}") = "astr", "astr\astr.vcxproj", "{37091D17-0AB2-4936-A4E0-CD215830B2FE}"
EndProject
Global
	GlobalSection(SolutionConfigurationPlatforms) = preSolution
		Debug|x64 = Debug|x64
		Debug|x86 = Debug|x86
		Release|x64 = Release|x64
		Release|x86 = Release|x86
	EndGlobalSection
	GlobalSection(ProjectConfigurationPlatforms) = postSolution
		{37091D17-0AB2-4936-A4E0-CD215830B2FE}.Debug|x64.ActiveCfg = Debug|x64
		{37091D17-0AB2-4936-A4E0-CD215830B2FE}.Debug|x64.Build.0 = Debug|x64
		{37091D17-0AB2-4936-A4E0-CD215830B2FE}.Debug|x86.ActiveCfg = Debug|Win32
		{37091D17-0AB2-4936-A4E0-CD215830B2FE}.Debug|x86.Build.0 = Debug|Win32
		{37091D17-0AB2-4936-A4E0-CD215830B2FE}.Release|x64.ActiveCfg = Release|x64
		{37091D17-0AB2-4936-A4E0-CD215830B2FE}.Release|x64.Build.0 = Release|x64
		{37091D17-0AB2-4936-A4E0-CD215830B2FE}.Release|x86.ActiveCfg = Release|Win32
		{37091D17-0AB2-4936-A4E0-CD215830B2FE}.Release|x86.Build.0 = Release|Win32
	EndGlobalSection
	GlobalSection(SolutionProperties) = preSolution
		HideSolutionNode = FALSE
	EndGlobalSection
	GlobalSection(ExtensibilityGlobals) = postSolution
		SolutionGuid = {36C906F9-2394-4654-9231-6ECB61A1DA53}
	EndGlobalSection
EndGlobal
